Microsoft Visual Studio Solution File, Format Version 11.00
# Visual Studio 2008

Project("{B418C4AF-02F5-EF63-A096-4EB3CBAC85E8}") = "GGJProject", "Assembly-CSharp-firstpass-vs.csproj", "{B3B8402E-0A84-1E35-BD12-BABF565D8D01}"
EndProject
Project("{B418C4AF-02F5-EF63-A096-4EB3CBAC85E8}") = "GGJProject", "Assembly-CSharp-vs.csproj", "{8E5B75B5-C57E-C91D-A97C-C8198624D155}"
EndProject
Global
	GlobalSection(SolutionConfigurationPlatforms) = preSolution
		Debug|Any CPU = Debug|Any CPU
		Release|Any CPU = Release|Any CPU
	EndGlobalSection
	GlobalSection(ProjectConfigurationPlatforms) = postSolution
		{B3B8402E-0A84-1E35-BD12-BABF565D8D01}.Debug|Any CPU.ActiveCfg = Debug|Any CPU
		{B3B8402E-0A84-1E35-BD12-BABF565D8D01}.Debug|Any CPU.Build.0 = Debug|Any CPU
		{B3B8402E-0A84-1E35-BD12-BABF565D8D01}.Release|Any CPU.ActiveCfg = Release|Any CPU
		{B3B8402E-0A84-1E35-BD12-BABF565D8D01}.Release|Any CPU.Build.0 = Release|Any CPU
		{8E5B75B5-C57E-C91D-A97C-C8198624D155}.Debug|Any CPU.ActiveCfg = Debug|Any CPU
		{8E5B75B5-C57E-C91D-A97C-C8198624D155}.Debug|Any CPU.Build.0 = Debug|Any CPU
		{8E5B75B5-C57E-C91D-A97C-C8198624D155}.Release|Any CPU.ActiveCfg = Release|Any CPU
		{8E5B75B5-C57E-C91D-A97C-C8198624D155}.Release|Any CPU.Build.0 = Release|Any CPU
	EndGlobalSection
	GlobalSection(SolutionProperties) = preSolution
		HideSolutionNode = FALSE
	EndGlobalSection
																																																																																						GlobalSection(MonoDevelopProperties) = preSolution
		StartupItem = Assembly-CSharp.csproj
		Policies = $0
		$0.TextStylePolicy = $1
		$1.inheritsSet = null
		$1.scope = text/x-csharp
		$0.CSharpFormattingPolicy = $2
		$2.inheritsSet = Mono
		$2.inheritsScope = text/x-csharp
		$2.scope = text/x-csharp
		$0.TextStylePolicy = $3
		$3.FileWidth = 120
		$3.TabWidth = 4
		$3.EolMarker = Unix
		$3.inheritsSet = Mono
		$3.inheritsScope = text/plain
		$3.scope = text/plain
	EndGlobalSection

EndGlobal
